
Microsoft Visual Studio Solution File, Format Version 12.00
# Visual Studio Version 17
VisualStudioVersion = 17.9.34701.34
MinimumVisualStudioVersion = 10.0.40219.1
Project("{9A19103F-16F7-4668-BE54-9A1E7A4F7556}") = "Admin.API", "Services\Admin\Admin.API\Admin.API.csproj", "{2445DF57-A55B-4D96-89F0-3775CB6891F6}"
EndProject
Project("{9A19103F-16F7-4668-BE54-9A1E7A4F7556}") = "DbLogger", "Shared\DbLogger\DbLogger.csproj", "{17EBBBD8-7E96-426F-A6C7-ABE5275237B7}"
EndProject
Project("{9A19103F-16F7-4668-BE54-9A1E7A4F7556}") = "Admin.Domain", "Services\Admin\Admin.Domain\Admin.Domain.csproj", "{3308C613-8CD1-4256-BA42-11DC235C64E4}"
EndProject
Project("{9A19103F-16F7-4668-BE54-9A1E7A4F7556}") = "Localization", "Shared\Localization\Localization.csproj", "{377182E9-A297-41CD-BCC3-E7CC9E4F7502}"
EndProject
Project("{9A19103F-16F7-4668-BE54-9A1E7A4F7556}") = "Admin.Persistence", "Services\Admin\Admin.Persistence\Admin.Persistence.csproj", "{3E6B8937-D7C5-4F72-87ED-FAFCCB0EF906}"
EndProject
Project("{9A19103F-16F7-4668-BE54-9A1E7A4F7556}") = "Resources", "Shared\Resources\Resources.csproj", "{9B610BB5-FC1F-4D7E-B7E1-9D415A061ABF}"
EndProject
Project("{9A19103F-16F7-4668-BE54-9A1E7A4F7556}") = "Admin.Services", "Services\Admin\Admin.Services\Admin.Services.csproj", "{1FCE0407-BB8B-4108-8092-53D5FD3EFA10}"
EndProject
Project("{9A19103F-16F7-4668-BE54-9A1E7A4F7556}") = "Admin.Services.Abstractions", "Services\Admin\Admin.Services.Abstractions\Admin.Services.Abstractions.csproj", "{A8CF0084-8E00-4CFC-B5DE-7C745C378DDE}"
EndProject
Project("{9A19103F-16F7-4668-BE54-9A1E7A4F7556}") = "Building.API", "Shared\Building.API\Building.API.csproj", "{4106CF15-BBC4-4A45-9239-C8F36EB44538}"
EndProject
Project("{2150E333-8FDC-42A3-9474-1A3956D46DE8}") = "Shared", "Shared", "{700D8C48-80E3-4885-848E-42D461BDAB5B}"
EndProject
Project("{2150E333-8FDC-42A3-9474-1A3956D46DE8}") = "Admin", "Admin", "{E6B5E5C9-142F-4FDD-8721-BEAFB1530638}"
EndProject
Project("{2150E333-8FDC-42A3-9474-1A3956D46DE8}") = "Products", "Products", "{DE05C5D7-43BA-4E67-8631-5C10C4D1CBCB}"
EndProject
Project("{2150E333-8FDC-42A3-9474-1A3956D46DE8}") = "Services", "Services", "{408147AE-7691-486A-AA50-EAB04DCBCE3C}"
EndProject
Project("{2150E333-8FDC-42A3-9474-1A3956D46DE8}") = "ApiGateways", "ApiGateways", "{8536DBCC-92FF-41A1-B8A4-9678E57F7944}"
EndProject
Project("{2150E333-8FDC-42A3-9474-1A3956D46DE8}") = "YarpApiGateway", "YarpApiGateway", "{AD8D93FF-700B-4E55-93E1-797BF055E506}"
EndProject
Project("{9A19103F-16F7-4668-BE54-9A1E7A4F7556}") = "YarpApiGateway", "ApiGateways\YarpApiGateway\YarpApiGateway.csproj", "{2666D309-C0DD-4AFD-B578-DF5B51476F9F}"
EndProject
Project("{9A19103F-16F7-4668-BE54-9A1E7A4F7556}") = "Products.API", "Services\Products\Products.API\Products.API.csproj", "{CDA64E47-33D7-4523-B22D-35EC3CBCB0CA}"
EndProject
Project("{9A19103F-16F7-4668-BE54-9A1E7A4F7556}") = "Products.Domain", "Services\Products\Products.Domain\Products.Domain.csproj", "{21CD2077-4F45-4DC8-9F19-936E037190AC}"
EndProject
Project("{9A19103F-16F7-4668-BE54-9A1E7A4F7556}") = "Products.Persistence", "Services\Products\Products.Persistence\Products.Persistence.csproj", "{44D490BF-7762-4292-A707-DDB56FBF29C9}"
EndProject
Project("{9A19103F-16F7-4668-BE54-9A1E7A4F7556}") = "Products.Services", "Services\Products\Products.Services\Products.Services.csproj", "{A586B0FD-8ADE-4032-B2ED-6F3D2646BD1A}"
EndProject
Project("{9A19103F-16F7-4668-BE54-9A1E7A4F7556}") = "Products.Services.Abstractions", "Services\Products\Products.Services.Abstractions\Products.Services.Abstractions.csproj", "{3DDA9055-3F3F-4EED-92C5-6B5595F691C1}"
EndProject
Project("{FAE04EC0-301F-11D3-BF4B-00C04F79EFBC}") = "Building.Base", "Shared\Building.Base\Building.Base.csproj", "{FFD135C9-55BE-40CA-B856-3170B64DB678}"
EndProject
Global
	GlobalSection(SolutionConfigurationPlatforms) = preSolution
		Debug|Any CPU = Debug|Any CPU
		Release|Any CPU = Release|Any CPU
	EndGlobalSection
	GlobalSection(ProjectConfigurationPlatforms) = postSolution
		{2445DF57-A55B-4D96-89F0-3775CB6891F6}.Debug|Any CPU.ActiveCfg = Debug|Any CPU
		{2445DF57-A55B-4D96-89F0-3775CB6891F6}.Debug|Any CPU.Build.0 = Debug|Any CPU
		{2445DF57-A55B-4D96-89F0-3775CB6891F6}.Release|Any CPU.ActiveCfg = Release|Any CPU
		{2445DF57-A55B-4D96-89F0-3775CB6891F6}.Release|Any CPU.Build.0 = Release|Any CPU
		{17EBBBD8-7E96-426F-A6C7-ABE5275237B7}.Debug|Any CPU.ActiveCfg = Debug|Any CPU
		{17EBBBD8-7E96-426F-A6C7-ABE5275237B7}.Debug|Any CPU.Build.0 = Debug|Any CPU
		{17EBBBD8-7E96-426F-A6C7-ABE5275237B7}.Release|Any CPU.ActiveCfg = Release|Any CPU
		{17EBBBD8-7E96-426F-A6C7-ABE5275237B7}.Release|Any CPU.Build.0 = Release|Any CPU
		{3308C613-8CD1-4256-BA42-11DC235C64E4}.Debug|Any CPU.ActiveCfg = Debug|Any CPU
		{3308C613-8CD1-4256-BA42-11DC235C64E4}.Debug|Any CPU.Build.0 = Debug|Any CPU
		{3308C613-8CD1-4256-BA42-11DC235C64E4}.Release|Any CPU.ActiveCfg = Release|Any CPU
		{3308C613-8CD1-4256-BA42-11DC235C64E4}.Release|Any CPU.Build.0 = Release|Any CPU
		{377182E9-A297-41CD-BCC3-E7CC9E4F7502}.Debug|Any CPU.ActiveCfg = Debug|Any CPU
		{377182E9-A297-41CD-BCC3-E7CC9E4F7502}.Debug|Any CPU.Build.0 = Debug|Any CPU
		{377182E9-A297-41CD-BCC3-E7CC9E4F7502}.Release|Any CPU.ActiveCfg = Release|Any CPU
		{377182E9-A297-41CD-BCC3-E7CC9E4F7502}.Release|Any CPU.Build.0 = Release|Any CPU
		{3E6B8937-D7C5-4F72-87ED-FAFCCB0EF906}.Debug|Any CPU.ActiveCfg = Debug|Any CPU
		{3E6B8937-D7C5-4F72-87ED-FAFCCB0EF906}.Debug|Any CPU.Build.0 = Debug|Any CPU
		{3E6B8937-D7C5-4F72-87ED-FAFCCB0EF906}.Release|Any CPU.ActiveCfg = Release|Any CPU
		{3E6B8937-D7C5-4F72-87ED-FAFCCB0EF906}.Release|Any CPU.Build.0 = Release|Any CPU
		{9B610BB5-FC1F-4D7E-B7E1-9D415A061ABF}.Debug|Any CPU.ActiveCfg = Debug|Any CPU
		{9B610BB5-FC1F-4D7E-B7E1-9D415A061ABF}.Debug|Any CPU.Build.0 = Debug|Any CPU
		{9B610BB5-FC1F-4D7E-B7E1-9D415A061ABF}.Release|Any CPU.ActiveCfg = Release|Any CPU
		{9B610BB5-FC1F-4D7E-B7E1-9D415A061ABF}.Release|Any CPU.Build.0 = Release|Any CPU
		{1FCE0407-BB8B-4108-8092-53D5FD3EFA10}.Debug|Any CPU.ActiveCfg = Debug|Any CPU
		{1FCE0407-BB8B-4108-8092-53D5FD3EFA10}.Debug|Any CPU.Build.0 = Debug|Any CPU
		{1FCE0407-BB8B-4108-8092-53D5FD3EFA10}.Release|Any CPU.ActiveCfg = Release|Any CPU
		{1FCE0407-BB8B-4108-8092-53D5FD3EFA10}.Release|Any CPU.Build.0 = Release|Any CPU
		{A8CF0084-8E00-4CFC-B5DE-7C745C378DDE}.Debug|Any CPU.ActiveCfg = Debug|Any CPU
		{A8CF0084-8E00-4CFC-B5DE-7C745C378DDE}.Debug|Any CPU.Build.0 = Debug|Any CPU
		{A8CF0084-8E00-4CFC-B5DE-7C745C378DDE}.Release|Any CPU.ActiveCfg = Release|Any CPU
		{A8CF0084-8E00-4CFC-B5DE-7C745C378DDE}.Release|Any CPU.Build.0 = Release|Any CPU
		{4106CF15-BBC4-4A45-9239-C8F36EB44538}.Debug|Any CPU.ActiveCfg = Debug|Any CPU
		{4106CF15-BBC4-4A45-9239-C8F36EB44538}.Debug|Any CPU.Build.0 = Debug|Any CPU
		{4106CF15-BBC4-4A45-9239-C8F36EB44538}.Release|Any CPU.ActiveCfg = Release|Any CPU
		{4106CF15-BBC4-4A45-9239-C8F36EB44538}.Release|Any CPU.Build.0 = Release|Any CPU
		{2666D309-C0DD-4AFD-B578-DF5B51476F9F}.Debug|Any CPU.ActiveCfg = Debug|Any CPU
		{2666D309-C0DD-4AFD-B578-DF5B51476F9F}.Debug|Any CPU.Build.0 = Debug|Any CPU
		{2666D309-C0DD-4AFD-B578-DF5B51476F9F}.Release|Any CPU.ActiveCfg = Release|Any CPU
		{2666D309-C0DD-4AFD-B578-DF5B51476F9F}.Release|Any CPU.Build.0 = Release|Any CPU
		{CDA64E47-33D7-4523-B22D-35EC3CBCB0CA}.Debug|Any CPU.ActiveCfg = Debug|Any CPU
		{CDA64E47-33D7-4523-B22D-35EC3CBCB0CA}.Debug|Any CPU.Build.0 = Debug|Any CPU
		{CDA64E47-33D7-4523-B22D-35EC3CBCB0CA}.Release|Any CPU.ActiveCfg = Release|Any CPU
		{CDA64E47-33D7-4523-B22D-35EC3CBCB0CA}.Release|Any CPU.Build.0 = Release|Any CPU
		{21CD2077-4F45-4DC8-9F19-936E037190AC}.Debug|Any CPU.ActiveCfg = Debug|Any CPU
		{21CD2077-4F45-4DC8-9F19-936E037190AC}.Debug|Any CPU.Build.0 = Debug|Any CPU
		{21CD2077-4F45-4DC8-9F19-936E037190AC}.Release|Any CPU.ActiveCfg = Release|Any CPU
		{21CD2077-4F45-4DC8-9F19-936E037190AC}.Release|Any CPU.Build.0 = Release|Any CPU
		{44D490BF-7762-4292-A707-DDB56FBF29C9}.Debug|Any CPU.ActiveCfg = Debug|Any CPU
		{44D490BF-7762-4292-A707-DDB56FBF29C9}.Debug|Any CPU.Build.0 = Debug|Any CPU
		{44D490BF-7762-4292-A707-DDB56FBF29C9}.Release|Any CPU.ActiveCfg = Release|Any CPU
		{44D490BF-7762-4292-A707-DDB56FBF29C9}.Release|Any CPU.Build.0 = Release|Any CPU
		{A586B0FD-8ADE-4032-B2ED-6F3D2646BD1A}.Debug|Any CPU.ActiveCfg = Debug|Any CPU
		{A586B0FD-8ADE-4032-B2ED-6F3D2646BD1A}.Debug|Any CPU.Build.0 = Debug|Any CPU
		{A586B0FD-8ADE-4032-B2ED-6F3D2646BD1A}.Release|Any CPU.ActiveCfg = Release|Any CPU
		{A586B0FD-8ADE-4032-B2ED-6F3D2646BD1A}.Release|Any CPU.Build.0 = Release|Any CPU
		{3DDA9055-3F3F-4EED-92C5-6B5595F691C1}.Debug|Any CPU.ActiveCfg = Debug|Any CPU
		{3DDA9055-3F3F-4EED-92C5-6B5595F691C1}.Debug|Any CPU.Build.0 = Debug|Any CPU
		{3DDA9055-3F3F-4EED-92C5-6B5595F691C1}.Release|Any CPU.ActiveCfg = Release|Any CPU
		{3DDA9055-3F3F-4EED-92C5-6B5595F691C1}.Release|Any CPU.Build.0 = Release|Any CPU
		{FFD135C9-55BE-40CA-B856-3170B64DB678}.Debug|Any CPU.ActiveCfg = Debug|Any CPU
		{FFD135C9-55BE-40CA-B856-3170B64DB678}.Debug|Any CPU.Build.0 = Debug|Any CPU
		{FFD135C9-55BE-40CA-B856-3170B64DB678}.Release|Any CPU.ActiveCfg = Release|Any CPU
		{FFD135C9-55BE-40CA-B856-3170B64DB678}.Release|Any CPU.Build.0 = Release|Any CPU
	EndGlobalSection
	GlobalSection(SolutionProperties) = preSolution
		HideSolutionNode = FALSE
	EndGlobalSection
	GlobalSection(NestedProjects) = preSolution
		{2445DF57-A55B-4D96-89F0-3775CB6891F6} = {E6B5E5C9-142F-4FDD-8721-BEAFB1530638}
		{17EBBBD8-7E96-426F-A6C7-ABE5275237B7} = {700D8C48-80E3-4885-848E-42D461BDAB5B}
		{3308C613-8CD1-4256-BA42-11DC235C64E4} = {E6B5E5C9-142F-4FDD-8721-BEAFB1530638}
		{377182E9-A297-41CD-BCC3-E7CC9E4F7502} = {700D8C48-80E3-4885-848E-42D461BDAB5B}
		{3E6B8937-D7C5-4F72-87ED-FAFCCB0EF906} = {E6B5E5C9-142F-4FDD-8721-BEAFB1530638}
		{9B610BB5-FC1F-4D7E-B7E1-9D415A061ABF} = {700D8C48-80E3-4885-848E-42D461BDAB5B}
		{1FCE0407-BB8B-4108-8092-53D5FD3EFA10} = {E6B5E5C9-142F-4FDD-8721-BEAFB1530638}
		{A8CF0084-8E00-4CFC-B5DE-7C745C378DDE} = {E6B5E5C9-142F-4FDD-8721-BEAFB1530638}
		{4106CF15-BBC4-4A45-9239-C8F36EB44538} = {700D8C48-80E3-4885-848E-42D461BDAB5B}
		{E6B5E5C9-142F-4FDD-8721-BEAFB1530638} = {408147AE-7691-486A-AA50-EAB04DCBCE3C}
		{DE05C5D7-43BA-4E67-8631-5C10C4D1CBCB} = {408147AE-7691-486A-AA50-EAB04DCBCE3C}
		{AD8D93FF-700B-4E55-93E1-797BF055E506} = {8536DBCC-92FF-41A1-B8A4-9678E57F7944}
		{2666D309-C0DD-4AFD-B578-DF5B51476F9F} = {AD8D93FF-700B-4E55-93E1-797BF055E506}
		{CDA64E47-33D7-4523-B22D-35EC3CBCB0CA} = {DE05C5D7-43BA-4E67-8631-5C10C4D1CBCB}
		{21CD2077-4F45-4DC8-9F19-936E037190AC} = {DE05C5D7-43BA-4E67-8631-5C10C4D1CBCB}
		{44D490BF-7762-4292-A707-DDB56FBF29C9} = {DE05C5D7-43BA-4E67-8631-5C10C4D1CBCB}
		{A586B0FD-8ADE-4032-B2ED-6F3D2646BD1A} = {DE05C5D7-43BA-4E67-8631-5C10C4D1CBCB}
		{3DDA9055-3F3F-4EED-92C5-6B5595F691C1} = {DE05C5D7-43BA-4E67-8631-5C10C4D1CBCB}
		{FFD135C9-55BE-40CA-B856-3170B64DB678} = {700D8C48-80E3-4885-848E-42D461BDAB5B}
	EndGlobalSection
	GlobalSection(ExtensibilityGlobals) = postSolution
		SolutionGuid = {458131FF-7FB4-40E3-AFEE-458CE8239633}
	EndGlobalSection
EndGlobal
